
Microsoft Visual Studio Solution File, Format Version 12.00
# Visual Studio 15
VisualStudioVersion = 15.0.28307.852
MinimumVisualStudioVersion = 10.0.40219.1
Project("{9A19103F-16F7-4668-BE54-9A1E7A4F7556}") = "SingleResponsibilityPrinciple", "DesignPatterns\SingleResponsibilityPrinciple.csproj", "{376C5411-C16A-41F5-8B9D-ED9BB5B388B1}"
EndProject
Project("{9A19103F-16F7-4668-BE54-9A1E7A4F7556}") = "OpenClose", "OpenClose\OpenClose.csproj", "{A93A582E-483C-4628-AEF5-04E2B61728CF}"
EndProject
Project("{9A19103F-16F7-4668-BE54-9A1E7A4F7556}") = "LiskovSubstitution", "LiskovSubstitution\LiskovSubstitution.csproj", "{EAFDE137-B363-43E7-8890-EDF7A85AE8F3}"
EndProject
Project("{2150E333-8FDC-42A3-9474-1A3956D46DE8}") = "1. SOLID", "1. SOLID", "{CFC7DC3C-F027-4C1D-A7D3-FA842F421549}"
EndProject
Project("{9A19103F-16F7-4668-BE54-9A1E7A4F7556}") = "InterfaceSegregationPrinciple", "SegregationPrinciple\InterfaceSegregationPrinciple.csproj", "{4309135E-C907-4148-B750-9CCF17449972}"
EndProject
Project("{9A19103F-16F7-4668-BE54-9A1E7A4F7556}") = "DependencyInjectionPrinciple", "DependencyInjectionPrinciple\DependencyInjectionPrinciple.csproj", "{091FE1F3-F087-45B7-B794-76B97BBAE217}"
EndProject
Project("{2150E333-8FDC-42A3-9474-1A3956D46DE8}") = "BUILDER", "BUILDER", "{04E3F257-3FB3-4DA9-AB19-AAF075222521}"
EndProject
Project("{9A19103F-16F7-4668-BE54-9A1E7A4F7556}") = "Build", "Build\Build.csproj", "{4E6CEBF8-7D8D-469B-AB20-E74C5B92D241}"
EndProject
Project("{9A19103F-16F7-4668-BE54-9A1E7A4F7556}") = "FluentWithGenerics", "FluentWithGenerics\FluentWithGenerics.csproj", "{4EA65D33-9435-45E2-AD25-91DBCA2A5C0D}"
EndProject
Project("{9A19103F-16F7-4668-BE54-9A1E7A4F7556}") = "FunctionBuilder", "FunctionBuilder\FunctionBuilder.csproj", "{5D68B52A-CE09-4A4D-B8E1-EFB11F4A358C}"
EndProject
Project("{9A19103F-16F7-4668-BE54-9A1E7A4F7556}") = "FacetedBuilder", "FacetedBuilder\FacetedBuilder.csproj", "{A4188AA1-EA6A-4661-B371-E8EDC429D133}"
EndProject
Project("{2150E333-8FDC-42A3-9474-1A3956D46DE8}") = "Factory", "Factory", "{AAAF8770-8A22-48BD-895D-78279499EA13}"
EndProject
Project("{9A19103F-16F7-4668-BE54-9A1E7A4F7556}") = "PointExample", "PointExample\PointExample.csproj", "{6F4EAA66-4DBF-44D3-B9FA-9CBBC7484E30}"
EndProject
Project("{9A19103F-16F7-4668-BE54-9A1E7A4F7556}") = "FactoryMethod", "FactoryMethod\FactoryMethod.csproj", "{705913E3-A0F9-4C22-891A-D3D63EADB76E}"
EndProject
Project("{9A19103F-16F7-4668-BE54-9A1E7A4F7556}") = "AsynchronousFactoryMethod", "AsynchronousFactoryMethod\AsynchronousFactoryMethod.csproj", "{926CD02C-E490-4BBF-8236-28FBE12E2728}"
EndProject
Project("{9A19103F-16F7-4668-BE54-9A1E7A4F7556}") = "Factory_", "Factory_\Factory_.csproj", "{A945809B-A6A8-4655-AAE9-BA55D696BF38}"
EndProject
Project("{9A19103F-16F7-4668-BE54-9A1E7A4F7556}") = "InnerFactory", "InnerFactory\InnerFactory.csproj", "{2F947C99-1F25-4786-9331-D8CF45D1EDB5}"
EndProject
Project("{9A19103F-16F7-4668-BE54-9A1E7A4F7556}") = "AbstractFactory", "AbstractFactory\AbstractFactory.csproj", "{B7317BF6-9BF8-4645-8036-67DB02F6C1BD}"
EndProject
Project("{9A19103F-16F7-4668-BE54-9A1E7A4F7556}") = "AbstractFactoryFake", "AbstractFactoryFake\AbstractFactoryFake.csproj", "{BA82497F-2BD2-49C5-A277-EDEEAF72C804}"
EndProject
Project("{9A19103F-16F7-4668-BE54-9A1E7A4F7556}") = "AbstractFactoryOCP", "AbstractFactoryOCP\AbstractFactoryOCP.csproj", "{1486E29F-B032-474D-8ED9-8CFB9306EA11}"
EndProject
Project("{2150E333-8FDC-42A3-9474-1A3956D46DE8}") = "2. Creation Design", "2. Creation Design", "{8E448CCD-15CD-47A4-A9F6-51C4566AFCD4}"
EndProject
Project("{2150E333-8FDC-42A3-9474-1A3956D46DE8}") = "4. Behavioral Design", "4. Behavioral Design", "{DD6258D8-9283-4381-8E80-59F11C3B9EC0}"
EndProject
Project("{2150E333-8FDC-42A3-9474-1A3956D46DE8}") = "Observer", "Observer", "{79B62128-C6BA-4008-852A-687B29269397}"
EndProject
Project("{9A19103F-16F7-4668-BE54-9A1E7A4F7556}") = "ObserverEventKeyword", "ObserverEventKeyword\ObserverEventKeyword.csproj", "{6AAA0CE9-2F37-4855-81F3-D61A032995CC}"
EndProject
Project("{9A19103F-16F7-4668-BE54-9A1E7A4F7556}") = "WeekEventPattern", "WeekEventPattern\WeekEventPattern.csproj", "{93D3A03C-BAFB-4110-8C22-FA72E1BE3AE3}"
EndProject
Project("{FAE04EC0-301F-11D3-BF4B-00C04F79EFBC}") = "WeakEvent", "WeakEvent\WeakEvent.csproj", "{B0265855-D4EC-4FB4-928C-0DA55E51A950}"
EndProject
Project("{9A19103F-16F7-4668-BE54-9A1E7A4F7556}") = "ObserverSpecialInterfaces", "ObserverSpecialInterfaces\ObserverSpecialInterfaces.csproj", "{08213002-8E15-47AD-AF1D-E50300199C8A}"
EndProject
Project("{9A19103F-16F7-4668-BE54-9A1E7A4F7556}") = "ObservableCollections", "ObservableCollections\ObservableCollections.csproj", "{C9B14672-D36D-490F-BA98-FEBC3A6066A7}"
EndProject
Project("{9A19103F-16F7-4668-BE54-9A1E7A4F7556}") = "FactoryCodingExercise", "FactoryCodingExercise\FactoryCodingExercise.csproj", "{AC921795-FA9E-48F7-8483-6223017A0F40}"
EndProject
Project("{9A19103F-16F7-4668-BE54-9A1E7A4F7556}") = "BidirectionalObserver", "BidirectionalObserver\BidirectionalObserver.csproj", "{875E5838-318B-48A6-B0AE-77A57283C798}"
EndProject
Project("{2150E333-8FDC-42A3-9474-1A3956D46DE8}") = "Singleton", "Singleton", "{0F2ACE70-FA40-4A75-8AF6-621597B09378}"
EndProject
Project("{9A19103F-16F7-4668-BE54-9A1E7A4F7556}") = "SingletonLazy", "SingletonLazy\SingletonLazy.csproj", "{93963551-707D-4C25-BC65-F7EB025594E3}"
EndProject
Project("{2150E333-8FDC-42A3-9474-1A3956D46DE8}") = "Mediator", "Mediator", "{484F083D-80B6-4E27-91AC-EAB488126E9E}"
EndProject
Project("{9A19103F-16F7-4668-BE54-9A1E7A4F7556}") = "ChatRoom", "ChatRoom\ChatRoom.csproj", "{A949845E-6D57-4CF4-9BF5-2DF9C58D3A0B}"
EndProject
Project("{2150E333-8FDC-42A3-9474-1A3956D46DE8}") = "5. Bonus", "5. Bonus", "{F664E89C-5F47-4CC7-BE44-27DA42C47FF3}"
EndProject
Project("{9A19103F-16F7-4668-BE54-9A1E7A4F7556}") = "CQRS_EventSourcing", "CQRS_EventSourcing\CQRS_EventSourcing.csproj", "{D05ABE65-3D38-40EF-AEEB-4013A23018CE}"
EndProject
Project("{9A19103F-16F7-4668-BE54-9A1E7A4F7556}") = "TestabilityIssues", "TestabilityIssues\TestabilityIssues.csproj", "{D2EA597C-E35E-435D-9723-987BF3720539}"
EndProject
Project("{9A19103F-16F7-4668-BE54-9A1E7A4F7556}") = "SingletonDI", "SingletonDI\SingletonDI.csproj", "{C2F73B88-F46F-4FEB-8347-C415662CFA3A}"
EndProject
Project("{9A19103F-16F7-4668-BE54-9A1E7A4F7556}") = "MonoState", "MonoState\MonoState.csproj", "{030825DF-4147-4D1C-A6E4-88DCA11F16A1}"
EndProject
Project("{9A19103F-16F7-4668-BE54-9A1E7A4F7556}") = "SingletonCodingExercise", "SingletonCodingExercise\SingletonCodingExercise.csproj", "{466746D0-AB61-4C20-BD18-240AFAA9EF75}"
EndProject
Project("{2150E333-8FDC-42A3-9474-1A3956D46DE8}") = "Prototype", "Prototype", "{BF3871AB-C5E6-477C-AE3D-349A99766768}"
EndProject
Project("{9A19103F-16F7-4668-BE54-9A1E7A4F7556}") = "ICloneableBad", "ICloneableBad\ICloneableBad.csproj", "{795BB8F0-CC76-4E8A-AAA9-8EB6C2C38CEB}"
EndProject
Project("{9A19103F-16F7-4668-BE54-9A1E7A4F7556}") = "CopyConstructor", "CopyConstructor\CopyConstructor.csproj", "{E862A665-7142-4649-8054-03824B7D1410}"
EndProject
Project("{9A19103F-16F7-4668-BE54-9A1E7A4F7556}") = "ExplicitDeepCopyInterface", "ExplicitDeepCopyInterface\ExplicitDeepCopyInterface.csproj", "{ACD108F7-4276-467F-B160-FC021E305D97}"
EndProject
Project("{9A19103F-16F7-4668-BE54-9A1E7A4F7556}") = "CopyThroughSerialization", "CopyThroughSerialization\CopyThroughSerialization.csproj", "{EE0D20FC-7F63-4A47-89BC-440E36C33FE2}"
EndProject
Project("{9A19103F-16F7-4668-BE54-9A1E7A4F7556}") = "PrototypeCodingExercise", "PrototypeCodingExercise\PrototypeCodingExercise.csproj", "{37344620-8DDE-4362-B6B0-ABC30F2E1831}"
EndProject
Project("{2150E333-8FDC-42A3-9474-1A3956D46DE8}") = "3. Structural Design", "3. Structural Design", "{B4EB1078-0580-49A5-97C3-08E34EC1C633}"
EndProject
Project("{2150E333-8FDC-42A3-9474-1A3956D46DE8}") = "Adapter", "Adapter", "{8294EBD8-1E4A-433D-8AE3-BBE997EEFD81}"
EndProject
Project("{9A19103F-16F7-4668-BE54-9A1E7A4F7556}") = "VectorRasterDemo", "VectorRasterDemo\VectorRasterDemo.csproj", "{C1CB5421-1643-4304-81CA-DF3653808878}"
EndProject
Project("{FAE04EC0-301F-11D3-BF4B-00C04F79EFBC}") = "EventBroker", "EventBroker\EventBroker.csproj", "{E6917B75-9637-4D87-83E9-C1CBD6A73029}"
EndProject
Project("{FAE04EC0-301F-11D3-BF4B-00C04F79EFBC}") = "MediatR", "MediatR\MediatR.csproj", "{ED8FEE0B-D43C-42A8-9725-E874486A3A98}"
EndProject
Project("{2150E333-8FDC-42A3-9474-1A3956D46DE8}") = "EventBroker", "EventBroker", "{2537B47E-2F4B-44C4-BF56-A2D7BAAD54D9}"
EndProject
Project("{FAE04EC0-301F-11D3-BF4B-00C04F79EFBC}") = "01 Simple Broker", "..\nesteruk-eventbrokers-64cb47b2ef60\01 Simple Broker\01 Simple Broker.csproj", "{303DCDE7-88AD-42D4-BED1-DA9516F9C77E}"
EndProject
Project("{FAE04EC0-301F-11D3-BF4B-00C04F79EFBC}") = "02 Reactive Extensions Broker", "..\nesteruk-eventbrokers-64cb47b2ef60\02 Reactive Extensions Broker\02 Reactive Extensions Broker.csproj", "{FBBA9235-AF1A-4E39-9BF7-DBBDC3BE8296}"
EndProject
Project("{FAE04EC0-301F-11D3-BF4B-00C04F79EFBC}") = "03 Unity Broker", "..\nesteruk-eventbrokers-64cb47b2ef60\03 Unity Broker\03 Unity Broker.csproj", "{9C171516-72CD-4B33-8BE4-EC07DBC086D7}"
EndProject
Project("{2150E333-8FDC-42A3-9474-1A3956D46DE8}") = "Command", "Command", "{FBBF3580-D395-4109-B8A5-C03C6B4496E3}"
EndProject
Project("{FAE04EC0-301F-11D3-BF4B-00C04F79EFBC}") = "Command", "Command\Command.csproj", "{B7D31300-88A7-43C8-BB66-33D5E29EB108}"
EndProject
Project("{FAE04EC0-301F-11D3-BF4B-00C04F79EFBC}") = "UndoOperations", "UndoOperations\UndoOperations.csproj", "{324F24FF-1BE8-4323-ADC8-918D14121EC3}"
EndProject
Project("{2150E333-8FDC-42A3-9474-1A3956D46DE8}") = "Façade", "Façade", "{EB99905B-1639-4961-A74F-9D592020B456}"
EndProject
Project("{FAE04EC0-301F-11D3-BF4B-00C04F79EFBC}") = "Façade", "Façade\Façade.csproj", "{3F6F0A84-034F-4639-AEE2-3CE80B3E3E45}"
EndProject
Project("{2150E333-8FDC-42A3-9474-1A3956D46DE8}") = "Composite", "Composite", "{F7A013E4-1575-408F-AB19-707DA581A387}"
EndProject
Project("{FAE04EC0-301F-11D3-BF4B-00C04F79EFBC}") = "GeometricShapes", "GeometricShapes\GeometricShapes.csproj", "{2C880356-C6C4-4BD5-BA96-7B89B1D28216}"
EndProject
Project("{FAE04EC0-301F-11D3-BF4B-00C04F79EFBC}") = "NeuralNetworks", "NeuralNetworks\NeuralNetworks.csproj", "{B67B140A-D45A-4327-A232-A56787EE8BA4}"
EndProject
Project("{9A19103F-16F7-4668-BE54-9A1E7A4F7556}") = "CompositeSpecification", "CompositeSpecification\CompositeSpecification.csproj", "{2994FCC6-2E98-488D-A872-24779F3423AA}"
EndProject
Global
	GlobalSection(SolutionConfigurationPlatforms) = preSolution
		Debug|Any CPU = Debug|Any CPU
		Debug|x86 = Debug|x86
		Release|Any CPU = Release|Any CPU
		Release|x86 = Release|x86
	EndGlobalSection
	GlobalSection(ProjectConfigurationPlatforms) = postSolution
		{376C5411-C16A-41F5-8B9D-ED9BB5B388B1}.Debug|Any CPU.ActiveCfg = Debug|Any CPU
		{376C5411-C16A-41F5-8B9D-ED9BB5B388B1}.Debug|Any CPU.Build.0 = Debug|Any CPU
		{376C5411-C16A-41F5-8B9D-ED9BB5B388B1}.Debug|x86.ActiveCfg = Debug|Any CPU
		{376C5411-C16A-41F5-8B9D-ED9BB5B388B1}.Debug|x86.Build.0 = Debug|Any CPU
		{376C5411-C16A-41F5-8B9D-ED9BB5B388B1}.Release|Any CPU.ActiveCfg = Release|Any CPU
		{376C5411-C16A-41F5-8B9D-ED9BB5B388B1}.Release|Any CPU.Build.0 = Release|Any CPU
		{376C5411-C16A-41F5-8B9D-ED9BB5B388B1}.Release|x86.ActiveCfg = Release|Any CPU
		{376C5411-C16A-41F5-8B9D-ED9BB5B388B1}.Release|x86.Build.0 = Release|Any CPU
		{A93A582E-483C-4628-AEF5-04E2B61728CF}.Debug|Any CPU.ActiveCfg = Debug|Any CPU
		{A93A582E-483C-4628-AEF5-04E2B61728CF}.Debug|Any CPU.Build.0 = Debug|Any CPU
		{A93A582E-483C-4628-AEF5-04E2B61728CF}.Debug|x86.ActiveCfg = Debug|Any CPU
		{A93A582E-483C-4628-AEF5-04E2B61728CF}.Debug|x86.Build.0 = Debug|Any CPU
		{A93A582E-483C-4628-AEF5-04E2B61728CF}.Release|Any CPU.ActiveCfg = Release|Any CPU
		{A93A582E-483C-4628-AEF5-04E2B61728CF}.Release|Any CPU.Build.0 = Release|Any CPU
		{A93A582E-483C-4628-AEF5-04E2B61728CF}.Release|x86.ActiveCfg = Release|Any CPU
		{A93A582E-483C-4628-AEF5-04E2B61728CF}.Release|x86.Build.0 = Release|Any CPU
		{EAFDE137-B363-43E7-8890-EDF7A85AE8F3}.Debug|Any CPU.ActiveCfg = Debug|Any CPU
		{EAFDE137-B363-43E7-8890-EDF7A85AE8F3}.Debug|Any CPU.Build.0 = Debug|Any CPU
		{EAFDE137-B363-43E7-8890-EDF7A85AE8F3}.Debug|x86.ActiveCfg = Debug|Any CPU
		{EAFDE137-B363-43E7-8890-EDF7A85AE8F3}.Debug|x86.Build.0 = Debug|Any CPU
		{EAFDE137-B363-43E7-8890-EDF7A85AE8F3}.Release|Any CPU.ActiveCfg = Release|Any CPU
		{EAFDE137-B363-43E7-8890-EDF7A85AE8F3}.Release|Any CPU.Build.0 = Release|Any CPU
		{EAFDE137-B363-43E7-8890-EDF7A85AE8F3}.Release|x86.ActiveCfg = Release|Any CPU
		{EAFDE137-B363-43E7-8890-EDF7A85AE8F3}.Release|x86.Build.0 = Release|Any CPU
		{4309135E-C907-4148-B750-9CCF17449972}.Debug|Any CPU.ActiveCfg = Debug|Any CPU
		{4309135E-C907-4148-B750-9CCF17449972}.Debug|Any CPU.Build.0 = Debug|Any CPU
		{4309135E-C907-4148-B750-9CCF17449972}.Debug|x86.ActiveCfg = Debug|Any CPU
		{4309135E-C907-4148-B750-9CCF17449972}.Debug|x86.Build.0 = Debug|Any CPU
		{4309135E-C907-4148-B750-9CCF17449972}.Release|Any CPU.ActiveCfg = Release|Any CPU
		{4309135E-C907-4148-B750-9CCF17449972}.Release|Any CPU.Build.0 = Release|Any CPU
		{4309135E-C907-4148-B750-9CCF17449972}.Release|x86.ActiveCfg = Release|Any CPU
		{4309135E-C907-4148-B750-9CCF17449972}.Release|x86.Build.0 = Release|Any CPU
		{091FE1F3-F087-45B7-B794-76B97BBAE217}.Debug|Any CPU.ActiveCfg = Debug|Any CPU
		{091FE1F3-F087-45B7-B794-76B97BBAE217}.Debug|Any CPU.Build.0 = Debug|Any CPU
		{091FE1F3-F087-45B7-B794-76B97BBAE217}.Debug|x86.ActiveCfg = Debug|Any CPU
		{091FE1F3-F087-45B7-B794-76B97BBAE217}.Debug|x86.Build.0 = Debug|Any CPU
		{091FE1F3-F087-45B7-B794-76B97BBAE217}.Release|Any CPU.ActiveCfg = Release|Any CPU
		{091FE1F3-F087-45B7-B794-76B97BBAE217}.Release|Any CPU.Build.0 = Release|Any CPU
		{091FE1F3-F087-45B7-B794-76B97BBAE217}.Release|x86.ActiveCfg = Release|Any CPU
		{091FE1F3-F087-45B7-B794-76B97BBAE217}.Release|x86.Build.0 = Release|Any CPU
		{4E6CEBF8-7D8D-469B-AB20-E74C5B92D241}.Debug|Any CPU.ActiveCfg = Debug|Any CPU
		{4E6CEBF8-7D8D-469B-AB20-E74C5B92D241}.Debug|Any CPU.Build.0 = Debug|Any CPU
		{4E6CEBF8-7D8D-469B-AB20-E74C5B92D241}.Debug|x86.ActiveCfg = Debug|Any CPU
		{4E6CEBF8-7D8D-469B-AB20-E74C5B92D241}.Debug|x86.Build.0 = Debug|Any CPU
		{4E6CEBF8-7D8D-469B-AB20-E74C5B92D241}.Release|Any CPU.ActiveCfg = Release|Any CPU
		{4E6CEBF8-7D8D-469B-AB20-E74C5B92D241}.Release|Any CPU.Build.0 = Release|Any CPU
		{4E6CEBF8-7D8D-469B-AB20-E74C5B92D241}.Release|x86.ActiveCfg = Release|Any CPU
		{4E6CEBF8-7D8D-469B-AB20-E74C5B92D241}.Release|x86.Build.0 = Release|Any CPU
		{4EA65D33-9435-45E2-AD25-91DBCA2A5C0D}.Debug|Any CPU.ActiveCfg = Debug|Any CPU
		{4EA65D33-9435-45E2-AD25-91DBCA2A5C0D}.Debug|Any CPU.Build.0 = Debug|Any CPU
		{4EA65D33-9435-45E2-AD25-91DBCA2A5C0D}.Debug|x86.ActiveCfg = Debug|Any CPU
		{4EA65D33-9435-45E2-AD25-91DBCA2A5C0D}.Debug|x86.Build.0 = Debug|Any CPU
		{4EA65D33-9435-45E2-AD25-91DBCA2A5C0D}.Release|Any CPU.ActiveCfg = Release|Any CPU
		{4EA65D33-9435-45E2-AD25-91DBCA2A5C0D}.Release|Any CPU.Build.0 = Release|Any CPU
		{4EA65D33-9435-45E2-AD25-91DBCA2A5C0D}.Release|x86.ActiveCfg = Release|Any CPU
		{4EA65D33-9435-45E2-AD25-91DBCA2A5C0D}.Release|x86.Build.0 = Release|Any CPU
		{5D68B52A-CE09-4A4D-B8E1-EFB11F4A358C}.Debug|Any CPU.ActiveCfg = Debug|Any CPU
		{5D68B52A-CE09-4A4D-B8E1-EFB11F4A358C}.Debug|Any CPU.Build.0 = Debug|Any CPU
		{5D68B52A-CE09-4A4D-B8E1-EFB11F4A358C}.Debug|x86.ActiveCfg = Debug|Any CPU
		{5D68B52A-CE09-4A4D-B8E1-EFB11F4A358C}.Debug|x86.Build.0 = Debug|Any CPU
		{5D68B52A-CE09-4A4D-B8E1-EFB11F4A358C}.Release|Any CPU.ActiveCfg = Release|Any CPU
		{5D68B52A-CE09-4A4D-B8E1-EFB11F4A358C}.Release|Any CPU.Build.0 = Release|Any CPU
		{5D68B52A-CE09-4A4D-B8E1-EFB11F4A358C}.Release|x86.ActiveCfg = Release|Any CPU
		{5D68B52A-CE09-4A4D-B8E1-EFB11F4A358C}.Release|x86.Build.0 = Release|Any CPU
		{A4188AA1-EA6A-4661-B371-E8EDC429D133}.Debug|Any CPU.ActiveCfg = Debug|Any CPU
		{A4188AA1-EA6A-4661-B371-E8EDC429D133}.Debug|Any CPU.Build.0 = Debug|Any CPU
		{A4188AA1-EA6A-4661-B371-E8EDC429D133}.Debug|x86.ActiveCfg = Debug|Any CPU
		{A4188AA1-EA6A-4661-B371-E8EDC429D133}.Debug|x86.Build.0 = Debug|Any CPU
		{A4188AA1-EA6A-4661-B371-E8EDC429D133}.Release|Any CPU.ActiveCfg = Release|Any CPU
		{A4188AA1-EA6A-4661-B371-E8EDC429D133}.Release|Any CPU.Build.0 = Release|Any CPU
		{A4188AA1-EA6A-4661-B371-E8EDC429D133}.Release|x86.ActiveCfg = Release|Any CPU
		{A4188AA1-EA6A-4661-B371-E8EDC429D133}.Release|x86.Build.0 = Release|Any CPU
		{6F4EAA66-4DBF-44D3-B9FA-9CBBC7484E30}.Debug|Any CPU.ActiveCfg = Debug|Any CPU
		{6F4EAA66-4DBF-44D3-B9FA-9CBBC7484E30}.Debug|Any CPU.Build.0 = Debug|Any CPU
		{6F4EAA66-4DBF-44D3-B9FA-9CBBC7484E30}.Debug|x86.ActiveCfg = Debug|Any CPU
		{6F4EAA66-4DBF-44D3-B9FA-9CBBC7484E30}.Debug|x86.Build.0 = Debug|Any CPU
		{6F4EAA66-4DBF-44D3-B9FA-9CBBC7484E30}.Release|Any CPU.ActiveCfg = Release|Any CPU
		{6F4EAA66-4DBF-44D3-B9FA-9CBBC7484E30}.Release|Any CPU.Build.0 = Release|Any CPU
		{6F4EAA66-4DBF-44D3-B9FA-9CBBC7484E30}.Release|x86.ActiveCfg = Release|Any CPU
		{6F4EAA66-4DBF-44D3-B9FA-9CBBC7484E30}.Release|x86.Build.0 = Release|Any CPU
		{705913E3-A0F9-4C22-891A-D3D63EADB76E}.Debug|Any CPU.ActiveCfg = Debug|Any CPU
		{705913E3-A0F9-4C22-891A-D3D63EADB76E}.Debug|Any CPU.Build.0 = Debug|Any CPU
		{705913E3-A0F9-4C22-891A-D3D63EADB76E}.Debug|x86.ActiveCfg = Debug|Any CPU
		{705913E3-A0F9-4C22-891A-D3D63EADB76E}.Debug|x86.Build.0 = Debug|Any CPU
		{705913E3-A0F9-4C22-891A-D3D63EADB76E}.Release|Any CPU.ActiveCfg = Release|Any CPU
		{705913E3-A0F9-4C22-891A-D3D63EADB76E}.Release|Any CPU.Build.0 = Release|Any CPU
		{705913E3-A0F9-4C22-891A-D3D63EADB76E}.Release|x86.ActiveCfg = Release|Any CPU
		{705913E3-A0F9-4C22-891A-D3D63EADB76E}.Release|x86.Build.0 = Release|Any CPU
		{926CD02C-E490-4BBF-8236-28FBE12E2728}.Debug|Any CPU.ActiveCfg = Debug|Any CPU
		{926CD02C-E490-4BBF-8236-28FBE12E2728}.Debug|Any CPU.Build.0 = Debug|Any CPU
		{926CD02C-E490-4BBF-8236-28FBE12E2728}.Debug|x86.ActiveCfg = Debug|Any CPU
		{926CD02C-E490-4BBF-8236-28FBE12E2728}.Debug|x86.Build.0 = Debug|Any CPU
		{926CD02C-E490-4BBF-8236-28FBE12E2728}.Release|Any CPU.ActiveCfg = Release|Any CPU
		{926CD02C-E490-4BBF-8236-28FBE12E2728}.Release|Any CPU.Build.0 = Release|Any CPU
		{926CD02C-E490-4BBF-8236-28FBE12E2728}.Release|x86.ActiveCfg = Release|Any CPU
		{926CD02C-E490-4BBF-8236-28FBE12E2728}.Release|x86.Build.0 = Release|Any CPU
		{A945809B-A6A8-4655-AAE9-BA55D696BF38}.Debug|Any CPU.ActiveCfg = Debug|Any CPU
		{A945809B-A6A8-4655-AAE9-BA55D696BF38}.Debug|Any CPU.Build.0 = Debug|Any CPU
		{A945809B-A6A8-4655-AAE9-BA55D696BF38}.Debug|x86.ActiveCfg = Debug|Any CPU
		{A945809B-A6A8-4655-AAE9-BA55D696BF38}.Debug|x86.Build.0 = Debug|Any CPU
		{A945809B-A6A8-4655-AAE9-BA55D696BF38}.Release|Any CPU.ActiveCfg = Release|Any CPU
		{A945809B-A6A8-4655-AAE9-BA55D696BF38}.Release|Any CPU.Build.0 = Release|Any CPU
		{A945809B-A6A8-4655-AAE9-BA55D696BF38}.Release|x86.ActiveCfg = Release|Any CPU
		{A945809B-A6A8-4655-AAE9-BA55D696BF38}.Release|x86.Build.0 = Release|Any CPU
		{2F947C99-1F25-4786-9331-D8CF45D1EDB5}.Debug|Any CPU.ActiveCfg = Debug|Any CPU
		{2F947C99-1F25-4786-9331-D8CF45D1EDB5}.Debug|Any CPU.Build.0 = Debug|Any CPU
		{2F947C99-1F25-4786-9331-D8CF45D1EDB5}.Debug|x86.ActiveCfg = Debug|Any CPU
		{2F947C99-1F25-4786-9331-D8CF45D1EDB5}.Debug|x86.Build.0 = Debug|Any CPU
		{2F947C99-1F25-4786-9331-D8CF45D1EDB5}.Release|Any CPU.ActiveCfg = Release|Any CPU
		{2F947C99-1F25-4786-9331-D8CF45D1EDB5}.Release|Any CPU.Build.0 = Release|Any CPU
		{2F947C99-1F25-4786-9331-D8CF45D1EDB5}.Release|x86.ActiveCfg = Release|Any CPU
		{2F947C99-1F25-4786-9331-D8CF45D1EDB5}.Release|x86.Build.0 = Release|Any CPU
		{B7317BF6-9BF8-4645-8036-67DB02F6C1BD}.Debug|Any CPU.ActiveCfg = Debug|Any CPU
		{B7317BF6-9BF8-4645-8036-67DB02F6C1BD}.Debug|Any CPU.Build.0 = Debug|Any CPU
		{B7317BF6-9BF8-4645-8036-67DB02F6C1BD}.Debug|x86.ActiveCfg = Debug|Any CPU
		{B7317BF6-9BF8-4645-8036-67DB02F6C1BD}.Debug|x86.Build.0 = Debug|Any CPU
		{B7317BF6-9BF8-4645-8036-67DB02F6C1BD}.Release|Any CPU.ActiveCfg = Release|Any CPU
		{B7317BF6-9BF8-4645-8036-67DB02F6C1BD}.Release|Any CPU.Build.0 = Release|Any CPU
		{B7317BF6-9BF8-4645-8036-67DB02F6C1BD}.Release|x86.ActiveCfg = Release|Any CPU
		{B7317BF6-9BF8-4645-8036-67DB02F6C1BD}.Release|x86.Build.0 = Release|Any CPU
		{BA82497F-2BD2-49C5-A277-EDEEAF72C804}.Debug|Any CPU.ActiveCfg = Debug|Any CPU
		{BA82497F-2BD2-49C5-A277-EDEEAF72C804}.Debug|Any CPU.Build.0 = Debug|Any CPU
		{BA82497F-2BD2-49C5-A277-EDEEAF72C804}.Debug|x86.ActiveCfg = Debug|Any CPU
		{BA82497F-2BD2-49C5-A277-EDEEAF72C804}.Debug|x86.Build.0 = Debug|Any CPU
		{BA82497F-2BD2-49C5-A277-EDEEAF72C804}.Release|Any CPU.ActiveCfg = Release|Any CPU
		{BA82497F-2BD2-49C5-A277-EDEEAF72C804}.Release|Any CPU.Build.0 = Release|Any CPU
		{BA82497F-2BD2-49C5-A277-EDEEAF72C804}.Release|x86.ActiveCfg = Release|Any CPU
		{BA82497F-2BD2-49C5-A277-EDEEAF72C804}.Release|x86.Build.0 = Release|Any CPU
		{1486E29F-B032-474D-8ED9-8CFB9306EA11}.Debug|Any CPU.ActiveCfg = Debug|Any CPU
		{1486E29F-B032-474D-8ED9-8CFB9306EA11}.Debug|Any CPU.Build.0 = Debug|Any CPU
		{1486E29F-B032-474D-8ED9-8CFB9306EA11}.Debug|x86.ActiveCfg = Debug|Any CPU
		{1486E29F-B032-474D-8ED9-8CFB9306EA11}.Debug|x86.Build.0 = Debug|Any CPU
		{1486E29F-B032-474D-8ED9-8CFB9306EA11}.Release|Any CPU.ActiveCfg = Release|Any CPU
		{1486E29F-B032-474D-8ED9-8CFB9306EA11}.Release|Any CPU.Build.0 = Release|Any CPU
		{1486E29F-B032-474D-8ED9-8CFB9306EA11}.Release|x86.ActiveCfg = Release|Any CPU
		{1486E29F-B032-474D-8ED9-8CFB9306EA11}.Release|x86.Build.0 = Release|Any CPU
		{6AAA0CE9-2F37-4855-81F3-D61A032995CC}.Debug|Any CPU.ActiveCfg = Debug|Any CPU
		{6AAA0CE9-2F37-4855-81F3-D61A032995CC}.Debug|Any CPU.Build.0 = Debug|Any CPU
		{6AAA0CE9-2F37-4855-81F3-D61A032995CC}.Debug|x86.ActiveCfg = Debug|Any CPU
		{6AAA0CE9-2F37-4855-81F3-D61A032995CC}.Debug|x86.Build.0 = Debug|Any CPU
		{6AAA0CE9-2F37-4855-81F3-D61A032995CC}.Release|Any CPU.ActiveCfg = Release|Any CPU
		{6AAA0CE9-2F37-4855-81F3-D61A032995CC}.Release|Any CPU.Build.0 = Release|Any CPU
		{6AAA0CE9-2F37-4855-81F3-D61A032995CC}.Release|x86.ActiveCfg = Release|Any CPU
		{6AAA0CE9-2F37-4855-81F3-D61A032995CC}.Release|x86.Build.0 = Release|Any CPU
		{93D3A03C-BAFB-4110-8C22-FA72E1BE3AE3}.Debug|Any CPU.ActiveCfg = Debug|Any CPU
		{93D3A03C-BAFB-4110-8C22-FA72E1BE3AE3}.Debug|Any CPU.Build.0 = Debug|Any CPU
		{93D3A03C-BAFB-4110-8C22-FA72E1BE3AE3}.Debug|x86.ActiveCfg = Debug|Any CPU
		{93D3A03C-BAFB-4110-8C22-FA72E1BE3AE3}.Debug|x86.Build.0 = Debug|Any CPU
		{93D3A03C-BAFB-4110-8C22-FA72E1BE3AE3}.Release|Any CPU.ActiveCfg = Release|Any CPU
		{93D3A03C-BAFB-4110-8C22-FA72E1BE3AE3}.Release|Any CPU.Build.0 = Release|Any CPU
		{93D3A03C-BAFB-4110-8C22-FA72E1BE3AE3}.Release|x86.ActiveCfg = Release|Any CPU
		{93D3A03C-BAFB-4110-8C22-FA72E1BE3AE3}.Release|x86.Build.0 = Release|Any CPU
		{B0265855-D4EC-4FB4-928C-0DA55E51A950}.Debug|Any CPU.ActiveCfg = Debug|Any CPU
		{B0265855-D4EC-4FB4-928C-0DA55E51A950}.Debug|Any CPU.Build.0 = Debug|Any CPU
		{B0265855-D4EC-4FB4-928C-0DA55E51A950}.Debug|x86.ActiveCfg = Debug|Any CPU
		{B0265855-D4EC-4FB4-928C-0DA55E51A950}.Debug|x86.Build.0 = Debug|Any CPU
		{B0265855-D4EC-4FB4-928C-0DA55E51A950}.Release|Any CPU.ActiveCfg = Release|Any CPU
		{B0265855-D4EC-4FB4-928C-0DA55E51A950}.Release|Any CPU.Build.0 = Release|Any CPU
		{B0265855-D4EC-4FB4-928C-0DA55E51A950}.Release|x86.ActiveCfg = Release|Any CPU
		{B0265855-D4EC-4FB4-928C-0DA55E51A950}.Release|x86.Build.0 = Release|Any CPU
		{08213002-8E15-47AD-AF1D-E50300199C8A}.Debug|Any CPU.ActiveCfg = Debug|Any CPU
		{08213002-8E15-47AD-AF1D-E50300199C8A}.Debug|Any CPU.Build.0 = Debug|Any CPU
		{08213002-8E15-47AD-AF1D-E50300199C8A}.Debug|x86.ActiveCfg = Debug|Any CPU
		{08213002-8E15-47AD-AF1D-E50300199C8A}.Debug|x86.Build.0 = Debug|Any CPU
		{08213002-8E15-47AD-AF1D-E50300199C8A}.Release|Any CPU.ActiveCfg = Release|Any CPU
		{08213002-8E15-47AD-AF1D-E50300199C8A}.Release|Any CPU.Build.0 = Release|Any CPU
		{08213002-8E15-47AD-AF1D-E50300199C8A}.Release|x86.ActiveCfg = Release|Any CPU
		{08213002-8E15-47AD-AF1D-E50300199C8A}.Release|x86.Build.0 = Release|Any CPU
		{C9B14672-D36D-490F-BA98-FEBC3A6066A7}.Debug|Any CPU.ActiveCfg = Debug|Any CPU
		{C9B14672-D36D-490F-BA98-FEBC3A6066A7}.Debug|Any CPU.Build.0 = Debug|Any CPU
		{C9B14672-D36D-490F-BA98-FEBC3A6066A7}.Debug|x86.ActiveCfg = Debug|Any CPU
		{C9B14672-D36D-490F-BA98-FEBC3A6066A7}.Debug|x86.Build.0 = Debug|Any CPU
		{C9B14672-D36D-490F-BA98-FEBC3A6066A7}.Release|Any CPU.ActiveCfg = Release|Any CPU
		{C9B14672-D36D-490F-BA98-FEBC3A6066A7}.Release|Any CPU.Build.0 = Release|Any CPU
		{C9B14672-D36D-490F-BA98-FEBC3A6066A7}.Release|x86.ActiveCfg = Release|Any CPU
		{C9B14672-D36D-490F-BA98-FEBC3A6066A7}.Release|x86.Build.0 = Release|Any CPU
		{AC921795-FA9E-48F7-8483-6223017A0F40}.Debug|Any CPU.ActiveCfg = Debug|Any CPU
		{AC921795-FA9E-48F7-8483-6223017A0F40}.Debug|Any CPU.Build.0 = Debug|Any CPU
		{AC921795-FA9E-48F7-8483-6223017A0F40}.Debug|x86.ActiveCfg = Debug|Any CPU
		{AC921795-FA9E-48F7-8483-6223017A0F40}.Debug|x86.Build.0 = Debug|Any CPU
		{AC921795-FA9E-48F7-8483-6223017A0F40}.Release|Any CPU.ActiveCfg = Release|Any CPU
		{AC921795-FA9E-48F7-8483-6223017A0F40}.Release|Any CPU.Build.0 = Release|Any CPU
		{AC921795-FA9E-48F7-8483-6223017A0F40}.Release|x86.ActiveCfg = Release|Any CPU
		{AC921795-FA9E-48F7-8483-6223017A0F40}.Release|x86.Build.0 = Release|Any CPU
		{875E5838-318B-48A6-B0AE-77A57283C798}.Debug|Any CPU.ActiveCfg = Debug|Any CPU
		{875E5838-318B-48A6-B0AE-77A57283C798}.Debug|Any CPU.Build.0 = Debug|Any CPU
		{875E5838-318B-48A6-B0AE-77A57283C798}.Debug|x86.ActiveCfg = Debug|Any CPU
		{875E5838-318B-48A6-B0AE-77A57283C798}.Debug|x86.Build.0 = Debug|Any CPU
		{875E5838-318B-48A6-B0AE-77A57283C798}.Release|Any CPU.ActiveCfg = Release|Any CPU
		{875E5838-318B-48A6-B0AE-77A57283C798}.Release|Any CPU.Build.0 = Release|Any CPU
		{875E5838-318B-48A6-B0AE-77A57283C798}.Release|x86.ActiveCfg = Release|Any CPU
		{875E5838-318B-48A6-B0AE-77A57283C798}.Release|x86.Build.0 = Release|Any CPU
		{93963551-707D-4C25-BC65-F7EB025594E3}.Debug|Any CPU.ActiveCfg = Debug|Any CPU
		{93963551-707D-4C25-BC65-F7EB025594E3}.Debug|Any CPU.Build.0 = Debug|Any CPU
		{93963551-707D-4C25-BC65-F7EB025594E3}.Debug|x86.ActiveCfg = Debug|Any CPU
		{93963551-707D-4C25-BC65-F7EB025594E3}.Debug|x86.Build.0 = Debug|Any CPU
		{93963551-707D-4C25-BC65-F7EB025594E3}.Release|Any CPU.ActiveCfg = Release|Any CPU
		{93963551-707D-4C25-BC65-F7EB025594E3}.Release|Any CPU.Build.0 = Release|Any CPU
		{93963551-707D-4C25-BC65-F7EB025594E3}.Release|x86.ActiveCfg = Release|Any CPU
		{93963551-707D-4C25-BC65-F7EB025594E3}.Release|x86.Build.0 = Release|Any CPU
		{A949845E-6D57-4CF4-9BF5-2DF9C58D3A0B}.Debug|Any CPU.ActiveCfg = Debug|Any CPU
		{A949845E-6D57-4CF4-9BF5-2DF9C58D3A0B}.Debug|Any CPU.Build.0 = Debug|Any CPU
		{A949845E-6D57-4CF4-9BF5-2DF9C58D3A0B}.Debug|x86.ActiveCfg = Debug|Any CPU
		{A949845E-6D57-4CF4-9BF5-2DF9C58D3A0B}.Debug|x86.Build.0 = Debug|Any CPU
		{A949845E-6D57-4CF4-9BF5-2DF9C58D3A0B}.Release|Any CPU.ActiveCfg = Release|Any CPU
		{A949845E-6D57-4CF4-9BF5-2DF9C58D3A0B}.Release|Any CPU.Build.0 = Release|Any CPU
		{A949845E-6D57-4CF4-9BF5-2DF9C58D3A0B}.Release|x86.ActiveCfg = Release|Any CPU
		{A949845E-6D57-4CF4-9BF5-2DF9C58D3A0B}.Release|x86.Build.0 = Release|Any CPU
		{D05ABE65-3D38-40EF-AEEB-4013A23018CE}.Debug|Any CPU.ActiveCfg = Debug|Any CPU
		{D05ABE65-3D38-40EF-AEEB-4013A23018CE}.Debug|Any CPU.Build.0 = Debug|Any CPU
		{D05ABE65-3D38-40EF-AEEB-4013A23018CE}.Debug|x86.ActiveCfg = Debug|Any CPU
		{D05ABE65-3D38-40EF-AEEB-4013A23018CE}.Debug|x86.Build.0 = Debug|Any CPU
		{D05ABE65-3D38-40EF-AEEB-4013A23018CE}.Release|Any CPU.ActiveCfg = Release|Any CPU
		{D05ABE65-3D38-40EF-AEEB-4013A23018CE}.Release|Any CPU.Build.0 = Release|Any CPU
		{D05ABE65-3D38-40EF-AEEB-4013A23018CE}.Release|x86.ActiveCfg = Release|Any CPU
		{D05ABE65-3D38-40EF-AEEB-4013A23018CE}.Release|x86.Build.0 = Release|Any CPU
		{D2EA597C-E35E-435D-9723-987BF3720539}.Debug|Any CPU.ActiveCfg = Debug|Any CPU
		{D2EA597C-E35E-435D-9723-987BF3720539}.Debug|Any CPU.Build.0 = Debug|Any CPU
		{D2EA597C-E35E-435D-9723-987BF3720539}.Debug|x86.ActiveCfg = Debug|Any CPU
		{D2EA597C-E35E-435D-9723-987BF3720539}.Debug|x86.Build.0 = Debug|Any CPU
		{D2EA597C-E35E-435D-9723-987BF3720539}.Release|Any CPU.ActiveCfg = Release|Any CPU
		{D2EA597C-E35E-435D-9723-987BF3720539}.Release|Any CPU.Build.0 = Release|Any CPU
		{D2EA597C-E35E-435D-9723-987BF3720539}.Release|x86.ActiveCfg = Release|Any CPU
		{D2EA597C-E35E-435D-9723-987BF3720539}.Release|x86.Build.0 = Release|Any CPU
		{C2F73B88-F46F-4FEB-8347-C415662CFA3A}.Debug|Any CPU.ActiveCfg = Debug|Any CPU
		{C2F73B88-F46F-4FEB-8347-C415662CFA3A}.Debug|Any CPU.Build.0 = Debug|Any CPU
		{C2F73B88-F46F-4FEB-8347-C415662CFA3A}.Debug|x86.ActiveCfg = Debug|Any CPU
		{C2F73B88-F46F-4FEB-8347-C415662CFA3A}.Debug|x86.Build.0 = Debug|Any CPU
		{C2F73B88-F46F-4FEB-8347-C415662CFA3A}.Release|Any CPU.ActiveCfg = Release|Any CPU
		{C2F73B88-F46F-4FEB-8347-C415662CFA3A}.Release|Any CPU.Build.0 = Release|Any CPU
		{C2F73B88-F46F-4FEB-8347-C415662CFA3A}.Release|x86.ActiveCfg = Release|Any CPU
		{C2F73B88-F46F-4FEB-8347-C415662CFA3A}.Release|x86.Build.0 = Release|Any CPU
		{030825DF-4147-4D1C-A6E4-88DCA11F16A1}.Debug|Any CPU.ActiveCfg = Debug|Any CPU
		{030825DF-4147-4D1C-A6E4-88DCA11F16A1}.Debug|Any CPU.Build.0 = Debug|Any CPU
		{030825DF-4147-4D1C-A6E4-88DCA11F16A1}.Debug|x86.ActiveCfg = Debug|Any CPU
		{030825DF-4147-4D1C-A6E4-88DCA11F16A1}.Debug|x86.Build.0 = Debug|Any CPU
		{030825DF-4147-4D1C-A6E4-88DCA11F16A1}.Release|Any CPU.ActiveCfg = Release|Any CPU
		{030825DF-4147-4D1C-A6E4-88DCA11F16A1}.Release|Any CPU.Build.0 = Release|Any CPU
		{030825DF-4147-4D1C-A6E4-88DCA11F16A1}.Release|x86.ActiveCfg = Release|Any CPU
		{030825DF-4147-4D1C-A6E4-88DCA11F16A1}.Release|x86.Build.0 = Release|Any CPU
		{466746D0-AB61-4C20-BD18-240AFAA9EF75}.Debug|Any CPU.ActiveCfg = Debug|Any CPU
		{466746D0-AB61-4C20-BD18-240AFAA9EF75}.Debug|Any CPU.Build.0 = Debug|Any CPU
		{466746D0-AB61-4C20-BD18-240AFAA9EF75}.Debug|x86.ActiveCfg = Debug|Any CPU
		{466746D0-AB61-4C20-BD18-240AFAA9EF75}.Debug|x86.Build.0 = Debug|Any CPU
		{466746D0-AB61-4C20-BD18-240AFAA9EF75}.Release|Any CPU.ActiveCfg = Release|Any CPU
		{466746D0-AB61-4C20-BD18-240AFAA9EF75}.Release|Any CPU.Build.0 = Release|Any CPU
		{466746D0-AB61-4C20-BD18-240AFAA9EF75}.Release|x86.ActiveCfg = Release|Any CPU
		{466746D0-AB61-4C20-BD18-240AFAA9EF75}.Release|x86.Build.0 = Release|Any CPU
		{795BB8F0-CC76-4E8A-AAA9-8EB6C2C38CEB}.Debug|Any CPU.ActiveCfg = Debug|Any CPU
		{795BB8F0-CC76-4E8A-AAA9-8EB6C2C38CEB}.Debug|Any CPU.Build.0 = Debug|Any CPU
		{795BB8F0-CC76-4E8A-AAA9-8EB6C2C38CEB}.Debug|x86.ActiveCfg = Debug|Any CPU
		{795BB8F0-CC76-4E8A-AAA9-8EB6C2C38CEB}.Debug|x86.Build.0 = Debug|Any CPU
		{795BB8F0-CC76-4E8A-AAA9-8EB6C2C38CEB}.Release|Any CPU.ActiveCfg = Release|Any CPU
		{795BB8F0-CC76-4E8A-AAA9-8EB6C2C38CEB}.Release|Any CPU.Build.0 = Release|Any CPU
		{795BB8F0-CC76-4E8A-AAA9-8EB6C2C38CEB}.Release|x86.ActiveCfg = Release|Any CPU
		{795BB8F0-CC76-4E8A-AAA9-8EB6C2C38CEB}.Release|x86.Build.0 = Release|Any CPU
		{E862A665-7142-4649-8054-03824B7D1410}.Debug|Any CPU.ActiveCfg = Debug|Any CPU
		{E862A665-7142-4649-8054-03824B7D1410}.Debug|Any CPU.Build.0 = Debug|Any CPU
		{E862A665-7142-4649-8054-03824B7D1410}.Debug|x86.ActiveCfg = Debug|Any CPU
		{E862A665-7142-4649-8054-03824B7D1410}.Debug|x86.Build.0 = Debug|Any CPU
		{E862A665-7142-4649-8054-03824B7D1410}.Release|Any CPU.ActiveCfg = Release|Any CPU
		{E862A665-7142-4649-8054-03824B7D1410}.Release|Any CPU.Build.0 = Release|Any CPU
		{E862A665-7142-4649-8054-03824B7D1410}.Release|x86.ActiveCfg = Release|Any CPU
		{E862A665-7142-4649-8054-03824B7D1410}.Release|x86.Build.0 = Release|Any CPU
		{ACD108F7-4276-467F-B160-FC021E305D97}.Debug|Any CPU.ActiveCfg = Debug|Any CPU
		{ACD108F7-4276-467F-B160-FC021E305D97}.Debug|Any CPU.Build.0 = Debug|Any CPU
		{ACD108F7-4276-467F-B160-FC021E305D97}.Debug|x86.ActiveCfg = Debug|Any CPU
		{ACD108F7-4276-467F-B160-FC021E305D97}.Debug|x86.Build.0 = Debug|Any CPU
		{ACD108F7-4276-467F-B160-FC021E305D97}.Release|Any CPU.ActiveCfg = Release|Any CPU
		{ACD108F7-4276-467F-B160-FC021E305D97}.Release|Any CPU.Build.0 = Release|Any CPU
		{ACD108F7-4276-467F-B160-FC021E305D97}.Release|x86.ActiveCfg = Release|Any CPU
		{ACD108F7-4276-467F-B160-FC021E305D97}.Release|x86.Build.0 = Release|Any CPU
		{EE0D20FC-7F63-4A47-89BC-440E36C33FE2}.Debug|Any CPU.ActiveCfg = Debug|Any CPU
		{EE0D20FC-7F63-4A47-89BC-440E36C33FE2}.Debug|Any CPU.Build.0 = Debug|Any CPU
		{EE0D20FC-7F63-4A47-89BC-440E36C33FE2}.Debug|x86.ActiveCfg = Debug|Any CPU
		{EE0D20FC-7F63-4A47-89BC-440E36C33FE2}.Debug|x86.Build.0 = Debug|Any CPU
		{EE0D20FC-7F63-4A47-89BC-440E36C33FE2}.Release|Any CPU.ActiveCfg = Release|Any CPU
		{EE0D20FC-7F63-4A47-89BC-440E36C33FE2}.Release|Any CPU.Build.0 = Release|Any CPU
		{EE0D20FC-7F63-4A47-89BC-440E36C33FE2}.Release|x86.ActiveCfg = Release|Any CPU
		{EE0D20FC-7F63-4A47-89BC-440E36C33FE2}.Release|x86.Build.0 = Release|Any CPU
		{37344620-8DDE-4362-B6B0-ABC30F2E1831}.Debug|Any CPU.ActiveCfg = Debug|Any CPU
		{37344620-8DDE-4362-B6B0-ABC30F2E1831}.Debug|Any CPU.Build.0 = Debug|Any CPU
		{37344620-8DDE-4362-B6B0-ABC30F2E1831}.Debug|x86.ActiveCfg = Debug|Any CPU
		{37344620-8DDE-4362-B6B0-ABC30F2E1831}.Debug|x86.Build.0 = Debug|Any CPU
		{37344620-8DDE-4362-B6B0-ABC30F2E1831}.Release|Any CPU.ActiveCfg = Release|Any CPU
		{37344620-8DDE-4362-B6B0-ABC30F2E1831}.Release|Any CPU.Build.0 = Release|Any CPU
		{37344620-8DDE-4362-B6B0-ABC30F2E1831}.Release|x86.ActiveCfg = Release|Any CPU
		{37344620-8DDE-4362-B6B0-ABC30F2E1831}.Release|x86.Build.0 = Release|Any CPU
		{C1CB5421-1643-4304-81CA-DF3653808878}.Debug|Any CPU.ActiveCfg = Debug|Any CPU
		{C1CB5421-1643-4304-81CA-DF3653808878}.Debug|Any CPU.Build.0 = Debug|Any CPU
		{C1CB5421-1643-4304-81CA-DF3653808878}.Debug|x86.ActiveCfg = Debug|Any CPU
		{C1CB5421-1643-4304-81CA-DF3653808878}.Debug|x86.Build.0 = Debug|Any CPU
		{C1CB5421-1643-4304-81CA-DF3653808878}.Release|Any CPU.ActiveCfg = Release|Any CPU
		{C1CB5421-1643-4304-81CA-DF3653808878}.Release|Any CPU.Build.0 = Release|Any CPU
		{C1CB5421-1643-4304-81CA-DF3653808878}.Release|x86.ActiveCfg = Release|Any CPU
		{C1CB5421-1643-4304-81CA-DF3653808878}.Release|x86.Build.0 = Release|Any CPU
		{E6917B75-9637-4D87-83E9-C1CBD6A73029}.Debug|Any CPU.ActiveCfg = Debug|Any CPU
		{E6917B75-9637-4D87-83E9-C1CBD6A73029}.Debug|Any CPU.Build.0 = Debug|Any CPU
		{E6917B75-9637-4D87-83E9-C1CBD6A73029}.Debug|x86.ActiveCfg = Debug|Any CPU
		{E6917B75-9637-4D87-83E9-C1CBD6A73029}.Debug|x86.Build.0 = Debug|Any CPU
		{E6917B75-9637-4D87-83E9-C1CBD6A73029}.Release|Any CPU.ActiveCfg = Release|Any CPU
		{E6917B75-9637-4D87-83E9-C1CBD6A73029}.Release|Any CPU.Build.0 = Release|Any CPU
		{E6917B75-9637-4D87-83E9-C1CBD6A73029}.Release|x86.ActiveCfg = Release|Any CPU
		{E6917B75-9637-4D87-83E9-C1CBD6A73029}.Release|x86.Build.0 = Release|Any CPU
		{ED8FEE0B-D43C-42A8-9725-E874486A3A98}.Debug|Any CPU.ActiveCfg = Debug|Any CPU
		{ED8FEE0B-D43C-42A8-9725-E874486A3A98}.Debug|Any CPU.Build.0 = Debug|Any CPU
		{ED8FEE0B-D43C-42A8-9725-E874486A3A98}.Debug|x86.ActiveCfg = Debug|Any CPU
		{ED8FEE0B-D43C-42A8-9725-E874486A3A98}.Debug|x86.Build.0 = Debug|Any CPU
		{ED8FEE0B-D43C-42A8-9725-E874486A3A98}.Release|Any CPU.ActiveCfg = Release|Any CPU
		{ED8FEE0B-D43C-42A8-9725-E874486A3A98}.Release|Any CPU.Build.0 = Release|Any CPU
		{ED8FEE0B-D43C-42A8-9725-E874486A3A98}.Release|x86.ActiveCfg = Release|Any CPU
		{ED8FEE0B-D43C-42A8-9725-E874486A3A98}.Release|x86.Build.0 = Release|Any CPU
		{303DCDE7-88AD-42D4-BED1-DA9516F9C77E}.Debug|Any CPU.ActiveCfg = Debug|x86
		{303DCDE7-88AD-42D4-BED1-DA9516F9C77E}.Debug|x86.ActiveCfg = Debug|x86
		{303DCDE7-88AD-42D4-BED1-DA9516F9C77E}.Debug|x86.Build.0 = Debug|x86
		{303DCDE7-88AD-42D4-BED1-DA9516F9C77E}.Release|Any CPU.ActiveCfg = Release|x86
		{303DCDE7-88AD-42D4-BED1-DA9516F9C77E}.Release|x86.ActiveCfg = Release|x86
		{303DCDE7-88AD-42D4-BED1-DA9516F9C77E}.Release|x86.Build.0 = Release|x86
		{FBBA9235-AF1A-4E39-9BF7-DBBDC3BE8296}.Debug|Any CPU.ActiveCfg = Debug|x86
		{FBBA9235-AF1A-4E39-9BF7-DBBDC3BE8296}.Debug|x86.ActiveCfg = Debug|x86
		{FBBA9235-AF1A-4E39-9BF7-DBBDC3BE8296}.Debug|x86.Build.0 = Debug|x86
		{FBBA9235-AF1A-4E39-9BF7-DBBDC3BE8296}.Release|Any CPU.ActiveCfg = Release|x86
		{FBBA9235-AF1A-4E39-9BF7-DBBDC3BE8296}.Release|x86.ActiveCfg = Release|x86
		{FBBA9235-AF1A-4E39-9BF7-DBBDC3BE8296}.Release|x86.Build.0 = Release|x86
		{9C171516-72CD-4B33-8BE4-EC07DBC086D7}.Debug|Any CPU.ActiveCfg = Debug|x86
		{9C171516-72CD-4B33-8BE4-EC07DBC086D7}.Debug|x86.ActiveCfg = Debug|x86
		{9C171516-72CD-4B33-8BE4-EC07DBC086D7}.Debug|x86.Build.0 = Debug|x86
		{9C171516-72CD-4B33-8BE4-EC07DBC086D7}.Release|Any CPU.ActiveCfg = Release|x86
		{9C171516-72CD-4B33-8BE4-EC07DBC086D7}.Release|x86.ActiveCfg = Release|x86
		{9C171516-72CD-4B33-8BE4-EC07DBC086D7}.Release|x86.Build.0 = Release|x86
		{B7D31300-88A7-43C8-BB66-33D5E29EB108}.Debug|Any CPU.ActiveCfg = Debug|Any CPU
		{B7D31300-88A7-43C8-BB66-33D5E29EB108}.Debug|Any CPU.Build.0 = Debug|Any CPU
		{B7D31300-88A7-43C8-BB66-33D5E29EB108}.Debug|x86.ActiveCfg = Debug|Any CPU
		{B7D31300-88A7-43C8-BB66-33D5E29EB108}.Debug|x86.Build.0 = Debug|Any CPU
		{B7D31300-88A7-43C8-BB66-33D5E29EB108}.Release|Any CPU.ActiveCfg = Release|Any CPU
		{B7D31300-88A7-43C8-BB66-33D5E29EB108}.Release|Any CPU.Build.0 = Release|Any CPU
		{B7D31300-88A7-43C8-BB66-33D5E29EB108}.Release|x86.ActiveCfg = Release|Any CPU
		{B7D31300-88A7-43C8-BB66-33D5E29EB108}.Release|x86.Build.0 = Release|Any CPU
		{324F24FF-1BE8-4323-ADC8-918D14121EC3}.Debug|Any CPU.ActiveCfg = Debug|Any CPU
		{324F24FF-1BE8-4323-ADC8-918D14121EC3}.Debug|Any CPU.Build.0 = Debug|Any CPU
		{324F24FF-1BE8-4323-ADC8-918D14121EC3}.Debug|x86.ActiveCfg = Debug|Any CPU
		{324F24FF-1BE8-4323-ADC8-918D14121EC3}.Debug|x86.Build.0 = Debug|Any CPU
		{324F24FF-1BE8-4323-ADC8-918D14121EC3}.Release|Any CPU.ActiveCfg = Release|Any CPU
		{324F24FF-1BE8-4323-ADC8-918D14121EC3}.Release|Any CPU.Build.0 = Release|Any CPU
		{324F24FF-1BE8-4323-ADC8-918D14121EC3}.Release|x86.ActiveCfg = Release|Any CPU
		{324F24FF-1BE8-4323-ADC8-918D14121EC3}.Release|x86.Build.0 = Release|Any CPU
		{3F6F0A84-034F-4639-AEE2-3CE80B3E3E45}.Debug|Any CPU.ActiveCfg = Debug|Any CPU
		{3F6F0A84-034F-4639-AEE2-3CE80B3E3E45}.Debug|Any CPU.Build.0 = Debug|Any CPU
		{3F6F0A84-034F-4639-AEE2-3CE80B3E3E45}.Debug|x86.ActiveCfg = Debug|Any CPU
		{3F6F0A84-034F-4639-AEE2-3CE80B3E3E45}.Debug|x86.Build.0 = Debug|Any CPU
		{3F6F0A84-034F-4639-AEE2-3CE80B3E3E45}.Release|Any CPU.ActiveCfg = Release|Any CPU
		{3F6F0A84-034F-4639-AEE2-3CE80B3E3E45}.Release|Any CPU.Build.0 = Release|Any CPU
		{3F6F0A84-034F-4639-AEE2-3CE80B3E3E45}.Release|x86.ActiveCfg = Release|Any CPU
		{3F6F0A84-034F-4639-AEE2-3CE80B3E3E45}.Release|x86.Build.0 = Release|Any CPU
		{2C880356-C6C4-4BD5-BA96-7B89B1D28216}.Debug|Any CPU.ActiveCfg = Debug|Any CPU
		{2C880356-C6C4-4BD5-BA96-7B89B1D28216}.Debug|Any CPU.Build.0 = Debug|Any CPU
		{2C880356-C6C4-4BD5-BA96-7B89B1D28216}.Debug|x86.ActiveCfg = Debug|Any CPU
		{2C880356-C6C4-4BD5-BA96-7B89B1D28216}.Debug|x86.Build.0 = Debug|Any CPU
		{2C880356-C6C4-4BD5-BA96-7B89B1D28216}.Release|Any CPU.ActiveCfg = Release|Any CPU
		{2C880356-C6C4-4BD5-BA96-7B89B1D28216}.Release|Any CPU.Build.0 = Release|Any CPU
		{2C880356-C6C4-4BD5-BA96-7B89B1D28216}.Release|x86.ActiveCfg = Release|Any CPU
		{2C880356-C6C4-4BD5-BA96-7B89B1D28216}.Release|x86.Build.0 = Release|Any CPU
		{B67B140A-D45A-4327-A232-A56787EE8BA4}.Debug|Any CPU.ActiveCfg = Debug|Any CPU
		{B67B140A-D45A-4327-A232-A56787EE8BA4}.Debug|Any CPU.Build.0 = Debug|Any CPU
		{B67B140A-D45A-4327-A232-A56787EE8BA4}.Debug|x86.ActiveCfg = Debug|Any CPU
		{B67B140A-D45A-4327-A232-A56787EE8BA4}.Debug|x86.Build.0 = Debug|Any CPU
		{B67B140A-D45A-4327-A232-A56787EE8BA4}.Release|Any CPU.ActiveCfg = Release|Any CPU
		{B67B140A-D45A-4327-A232-A56787EE8BA4}.Release|Any CPU.Build.0 = Release|Any CPU
		{B67B140A-D45A-4327-A232-A56787EE8BA4}.Release|x86.ActiveCfg = Release|Any CPU
		{B67B140A-D45A-4327-A232-A56787EE8BA4}.Release|x86.Build.0 = Release|Any CPU
		{2994FCC6-2E98-488D-A872-24779F3423AA}.Debug|Any CPU.ActiveCfg = Debug|Any CPU
		{2994FCC6-2E98-488D-A872-24779F3423AA}.Debug|Any CPU.Build.0 = Debug|Any CPU
		{2994FCC6-2E98-488D-A872-24779F3423AA}.Debug|x86.ActiveCfg = Debug|Any CPU
		{2994FCC6-2E98-488D-A872-24779F3423AA}.Debug|x86.Build.0 = Debug|Any CPU
		{2994FCC6-2E98-488D-A872-24779F3423AA}.Release|Any CPU.ActiveCfg = Release|Any CPU
		{2994FCC6-2E98-488D-A872-24779F3423AA}.Release|Any CPU.Build.0 = Release|Any CPU
		{2994FCC6-2E98-488D-A872-24779F3423AA}.Release|x86.ActiveCfg = Release|Any CPU
		{2994FCC6-2E98-488D-A872-24779F3423AA}.Release|x86.Build.0 = Release|Any CPU
	EndGlobalSection
	GlobalSection(SolutionProperties) = preSolution
		HideSolutionNode = FALSE
	EndGlobalSection
	GlobalSection(NestedProjects) = preSolution
		{376C5411-C16A-41F5-8B9D-ED9BB5B388B1} = {CFC7DC3C-F027-4C1D-A7D3-FA842F421549}
		{A93A582E-483C-4628-AEF5-04E2B61728CF} = {CFC7DC3C-F027-4C1D-A7D3-FA842F421549}
		{EAFDE137-B363-43E7-8890-EDF7A85AE8F3} = {CFC7DC3C-F027-4C1D-A7D3-FA842F421549}
		{4309135E-C907-4148-B750-9CCF17449972} = {CFC7DC3C-F027-4C1D-A7D3-FA842F421549}
		{091FE1F3-F087-45B7-B794-76B97BBAE217} = {CFC7DC3C-F027-4C1D-A7D3-FA842F421549}
		{04E3F257-3FB3-4DA9-AB19-AAF075222521} = {8E448CCD-15CD-47A4-A9F6-51C4566AFCD4}
		{4E6CEBF8-7D8D-469B-AB20-E74C5B92D241} = {04E3F257-3FB3-4DA9-AB19-AAF075222521}
		{4EA65D33-9435-45E2-AD25-91DBCA2A5C0D} = {04E3F257-3FB3-4DA9-AB19-AAF075222521}
		{5D68B52A-CE09-4A4D-B8E1-EFB11F4A358C} = {04E3F257-3FB3-4DA9-AB19-AAF075222521}
		{A4188AA1-EA6A-4661-B371-E8EDC429D133} = {04E3F257-3FB3-4DA9-AB19-AAF075222521}
		{AAAF8770-8A22-48BD-895D-78279499EA13} = {8E448CCD-15CD-47A4-A9F6-51C4566AFCD4}
		{6F4EAA66-4DBF-44D3-B9FA-9CBBC7484E30} = {AAAF8770-8A22-48BD-895D-78279499EA13}
		{705913E3-A0F9-4C22-891A-D3D63EADB76E} = {AAAF8770-8A22-48BD-895D-78279499EA13}
		{926CD02C-E490-4BBF-8236-28FBE12E2728} = {AAAF8770-8A22-48BD-895D-78279499EA13}
		{A945809B-A6A8-4655-AAE9-BA55D696BF38} = {AAAF8770-8A22-48BD-895D-78279499EA13}
		{2F947C99-1F25-4786-9331-D8CF45D1EDB5} = {AAAF8770-8A22-48BD-895D-78279499EA13}
		{B7317BF6-9BF8-4645-8036-67DB02F6C1BD} = {AAAF8770-8A22-48BD-895D-78279499EA13}
		{BA82497F-2BD2-49C5-A277-EDEEAF72C804} = {AAAF8770-8A22-48BD-895D-78279499EA13}
		{1486E29F-B032-474D-8ED9-8CFB9306EA11} = {AAAF8770-8A22-48BD-895D-78279499EA13}
		{79B62128-C6BA-4008-852A-687B29269397} = {DD6258D8-9283-4381-8E80-59F11C3B9EC0}
		{6AAA0CE9-2F37-4855-81F3-D61A032995CC} = {79B62128-C6BA-4008-852A-687B29269397}
		{93D3A03C-BAFB-4110-8C22-FA72E1BE3AE3} = {79B62128-C6BA-4008-852A-687B29269397}
		{B0265855-D4EC-4FB4-928C-0DA55E51A950} = {79B62128-C6BA-4008-852A-687B29269397}
		{08213002-8E15-47AD-AF1D-E50300199C8A} = {79B62128-C6BA-4008-852A-687B29269397}
		{C9B14672-D36D-490F-BA98-FEBC3A6066A7} = {79B62128-C6BA-4008-852A-687B29269397}
		{AC921795-FA9E-48F7-8483-6223017A0F40} = {AAAF8770-8A22-48BD-895D-78279499EA13}
		{875E5838-318B-48A6-B0AE-77A57283C798} = {79B62128-C6BA-4008-852A-687B29269397}
		{0F2ACE70-FA40-4A75-8AF6-621597B09378} = {8E448CCD-15CD-47A4-A9F6-51C4566AFCD4}
		{93963551-707D-4C25-BC65-F7EB025594E3} = {0F2ACE70-FA40-4A75-8AF6-621597B09378}
		{484F083D-80B6-4E27-91AC-EAB488126E9E} = {DD6258D8-9283-4381-8E80-59F11C3B9EC0}
		{A949845E-6D57-4CF4-9BF5-2DF9C58D3A0B} = {484F083D-80B6-4E27-91AC-EAB488126E9E}
		{D05ABE65-3D38-40EF-AEEB-4013A23018CE} = {F664E89C-5F47-4CC7-BE44-27DA42C47FF3}
		{D2EA597C-E35E-435D-9723-987BF3720539} = {0F2ACE70-FA40-4A75-8AF6-621597B09378}
		{C2F73B88-F46F-4FEB-8347-C415662CFA3A} = {0F2ACE70-FA40-4A75-8AF6-621597B09378}
		{030825DF-4147-4D1C-A6E4-88DCA11F16A1} = {0F2ACE70-FA40-4A75-8AF6-621597B09378}
		{466746D0-AB61-4C20-BD18-240AFAA9EF75} = {0F2ACE70-FA40-4A75-8AF6-621597B09378}
		{BF3871AB-C5E6-477C-AE3D-349A99766768} = {8E448CCD-15CD-47A4-A9F6-51C4566AFCD4}
		{795BB8F0-CC76-4E8A-AAA9-8EB6C2C38CEB} = {BF3871AB-C5E6-477C-AE3D-349A99766768}
		{E862A665-7142-4649-8054-03824B7D1410} = {BF3871AB-C5E6-477C-AE3D-349A99766768}
		{ACD108F7-4276-467F-B160-FC021E305D97} = {BF3871AB-C5E6-477C-AE3D-349A99766768}
		{EE0D20FC-7F63-4A47-89BC-440E36C33FE2} = {BF3871AB-C5E6-477C-AE3D-349A99766768}
		{37344620-8DDE-4362-B6B0-ABC30F2E1831} = {BF3871AB-C5E6-477C-AE3D-349A99766768}
		{8294EBD8-1E4A-433D-8AE3-BBE997EEFD81} = {B4EB1078-0580-49A5-97C3-08E34EC1C633}
		{C1CB5421-1643-4304-81CA-DF3653808878} = {8294EBD8-1E4A-433D-8AE3-BBE997EEFD81}
		{E6917B75-9637-4D87-83E9-C1CBD6A73029} = {484F083D-80B6-4E27-91AC-EAB488126E9E}
		{ED8FEE0B-D43C-42A8-9725-E874486A3A98} = {484F083D-80B6-4E27-91AC-EAB488126E9E}
		{2537B47E-2F4B-44C4-BF56-A2D7BAAD54D9} = {F664E89C-5F47-4CC7-BE44-27DA42C47FF3}
		{303DCDE7-88AD-42D4-BED1-DA9516F9C77E} = {2537B47E-2F4B-44C4-BF56-A2D7BAAD54D9}
		{FBBA9235-AF1A-4E39-9BF7-DBBDC3BE8296} = {2537B47E-2F4B-44C4-BF56-A2D7BAAD54D9}
		{9C171516-72CD-4B33-8BE4-EC07DBC086D7} = {2537B47E-2F4B-44C4-BF56-A2D7BAAD54D9}
		{FBBF3580-D395-4109-B8A5-C03C6B4496E3} = {DD6258D8-9283-4381-8E80-59F11C3B9EC0}
		{B7D31300-88A7-43C8-BB66-33D5E29EB108} = {FBBF3580-D395-4109-B8A5-C03C6B4496E3}
		{324F24FF-1BE8-4323-ADC8-918D14121EC3} = {FBBF3580-D395-4109-B8A5-C03C6B4496E3}
		{EB99905B-1639-4961-A74F-9D592020B456} = {B4EB1078-0580-49A5-97C3-08E34EC1C633}
		{3F6F0A84-034F-4639-AEE2-3CE80B3E3E45} = {EB99905B-1639-4961-A74F-9D592020B456}
		{F7A013E4-1575-408F-AB19-707DA581A387} = {B4EB1078-0580-49A5-97C3-08E34EC1C633}
		{2C880356-C6C4-4BD5-BA96-7B89B1D28216} = {F7A013E4-1575-408F-AB19-707DA581A387}
		{B67B140A-D45A-4327-A232-A56787EE8BA4} = {F7A013E4-1575-408F-AB19-707DA581A387}
		{2994FCC6-2E98-488D-A872-24779F3423AA} = {F7A013E4-1575-408F-AB19-707DA581A387}
	EndGlobalSection
	GlobalSection(ExtensibilityGlobals) = postSolution
		SolutionGuid = {0A2F687B-F19D-441F-B5A0-DD15D29A384F}
	EndGlobalSection
EndGlobal
